// !$*UTF8*$!
{ archiveVersion = 1; classes = {}; objectVersion = 56; objects = {
FB935952D4F9818DBD88EC79 = { isa = PBXFileReference; lastKnownFileType = sourcecode.swift; path = "NanocodexInbox/DemoContent.swift"; sourceTree = SOURCE_ROOT; };
27A28091EE3319AEC40C0FDC = { isa = PBXBuildFile; fileRef = FB935952D4F9818DBD88EC79; };
61B3D3A776C18C4B977C5274 = { isa = PBXFileReference; lastKnownFileType = sourcecode.swift; path = "NanocodexInbox/InboxModel.swift"; sourceTree = SOURCE_ROOT; };
253A65A3F07C9A402ACA2A3E = { isa = PBXBuildFile; fileRef = 61B3D3A776C18C4B977C5274; };
DD5E98E50EACCE3E6BC90CA5 = { isa = PBXFileReference; lastKnownFileType = sourcecode.swift; path = "NanocodexInbox/InboxView.swift"; sourceTree = SOURCE_ROOT; };
EAB19982E6994E35DEC8BEB9 = { isa = PBXBuildFile; fileRef = DD5E98E50EACCE3E6BC90CA5; };
E86E3E8EA9521C1217D7A640 = { isa = PBXFileReference; lastKnownFileType = sourcecode.swift; path = "NanocodexInbox/NanocodexInboxApp.swift"; sourceTree = SOURCE_ROOT; };
B4DB169ED735D4435DD49CCE = { isa = PBXBuildFile; fileRef = E86E3E8EA9521C1217D7A640; };
E05FCB614AB36FDEE72EE1F2 = { isa = PBXFileReference; lastKnownFileType = sourcecode.swift; path = "NanocodexInboxUITests/InboxUITests.swift"; sourceTree = SOURCE_ROOT; };
80FAC02A0BD5812E2A00F339 = { isa = PBXBuildFile; fileRef = E05FCB614AB36FDEE72EE1F2; };
38A007151ABE87CC01A5B6E9 = { isa = PBXFileReference; explicitFileType = wrapper.application; path = NanocodexInbox.app; sourceTree = BUILT_PRODUCTS_DIR; };
B7480EC88B7F22D0A4757273 = { isa = PBXFileReference; explicitFileType = wrapper.cfbundle; path = NanocodexInboxUITests.xctest; sourceTree = BUILT_PRODUCTS_DIR; };
FBDC4F23F93125BBEEAE800C = { isa = PBXGroup; name = Products; children = (38A007151ABE87CC01A5B6E9, B7480EC88B7F22D0A4757273); sourceTree = "<group>"; };
B28B7AF69320201D1CF206EB = { isa = PBXGroup; children = (FB935952D4F9818DBD88EC79, 61B3D3A776C18C4B977C5274, DD5E98E50EACCE3E6BC90CA5, E86E3E8EA9521C1217D7A640, E05FCB614AB36FDEE72EE1F2, FBDC4F23F93125BBEEAE800C); sourceTree = "<group>"; };
582681C2EAE02B3F3D399C0C = { isa = XCLocalSwiftPackageReference; relativePath = InboxCore; };
E55A8CC6397119BC2F346606 = { isa = XCSwiftPackageProductDependency; package = 582681C2EAE02B3F3D399C0C; productName = InboxCore; };
F178867DA2879CAE0F60630A = { isa = PBXBuildFile; productRef = E55A8CC6397119BC2F346606; };
BCE16DD0260827ECF338C787 = { isa = PBXSourcesBuildPhase; buildActionMask = 2147483647; files = (27A28091EE3319AEC40C0FDC, 253A65A3F07C9A402ACA2A3E, EAB19982E6994E35DEC8BEB9, B4DB169ED735D4435DD49CCE); runOnlyForDeploymentPostprocessing = 0; };
7561BFB015D8F536760CB671 = { isa = PBXFrameworksBuildPhase; buildActionMask = 2147483647; files = (F178867DA2879CAE0F60630A); runOnlyForDeploymentPostprocessing = 0; };
0189424A5A60FED329FA868E = { isa = PBXResourcesBuildPhase; buildActionMask = 2147483647; files = (); runOnlyForDeploymentPostprocessing = 0; };
9F3002A5D69B22D357A58AA9 = { isa = PBXSourcesBuildPhase; buildActionMask = 2147483647; files = (80FAC02A0BD5812E2A00F339); runOnlyForDeploymentPostprocessing = 0; };
89E1FD6268CC0F221A2BE178 = { isa = XCBuildConfiguration; name = Debug; buildSettings = { SWIFT_VERSION = 5.0; CLANG_ENABLE_MODULES = YES; IPHONEOS_DEPLOYMENT_TARGET = 17.0; MACOSX_DEPLOYMENT_TARGET = 14.0; SDKROOT = auto; SUPPORTED_PLATFORMS = "iphoneos iphonesimulator macosx"; TARGETED_DEVICE_FAMILY = "1,2";  ONLY_ACTIVE_ARCH = YES; SWIFT_OPTIMIZATION_LEVEL = "-Onone"; SWIFT_ACTIVE_COMPILATION_CONDITIONS = DEBUG; ENABLE_TESTABILITY = YES; }; };
E6DE6C99132752C914FEF632 = { isa = XCBuildConfiguration; name = Release; buildSettings = { SWIFT_VERSION = 5.0; CLANG_ENABLE_MODULES = YES; IPHONEOS_DEPLOYMENT_TARGET = 17.0; MACOSX_DEPLOYMENT_TARGET = 14.0; SDKROOT = auto; SUPPORTED_PLATFORMS = "iphoneos iphonesimulator macosx"; TARGETED_DEVICE_FAMILY = "1,2";  SWIFT_OPTIMIZATION_LEVEL = "-O"; }; };
862894B703A6DEDF96A9DD6C = { isa = XCConfigurationList; buildConfigurations = (89E1FD6268CC0F221A2BE178, E6DE6C99132752C914FEF632); defaultConfigurationIsVisible = 0; defaultConfigurationName = Release; };
E9B2E96ABC5F6856F2BE79CF = { isa = XCBuildConfiguration; name = Debug; buildSettings = { SWIFT_VERSION = 5.0; CLANG_ENABLE_MODULES = YES; IPHONEOS_DEPLOYMENT_TARGET = 17.0; MACOSX_DEPLOYMENT_TARGET = 14.0; SDKROOT = auto; SUPPORTED_PLATFORMS = "iphoneos iphonesimulator macosx"; TARGETED_DEVICE_FAMILY = "1,2"; PRODUCT_NAME = "$(TARGET_NAME)"; PRODUCT_BUNDLE_IDENTIFIER = xyz.paradigm.nanocodex.inbox; GENERATE_INFOPLIST_FILE = YES; INFOPLIST_KEY_CFBundleDisplayName = "Nanocodex Inbox"; INFOPLIST_KEY_LSApplicationCategoryType = "public.app-category.productivity"; INFOPLIST_KEY_UIApplicationSceneManifest_Generation = YES; INFOPLIST_KEY_UILaunchScreen_Generation = YES; INFOPLIST_KEY_UISupportedInterfaceOrientations_iPhone = UIInterfaceOrientationPortrait; CODE_SIGN_STYLE = Automatic; CURRENT_PROJECT_VERSION = 1; MARKETING_VERSION = 0.1.0; SWIFT_EMIT_LOC_STRINGS = YES; ENABLE_HARDENED_RUNTIME = YES; ONLY_ACTIVE_ARCH = YES; SWIFT_OPTIMIZATION_LEVEL = "-Onone"; SWIFT_ACTIVE_COMPILATION_CONDITIONS = DEBUG; ENABLE_TESTABILITY = YES; }; };
5A8C91857F674E16E2724F47 = { isa = XCBuildConfiguration; name = Release; buildSettings = { SWIFT_VERSION = 5.0; CLANG_ENABLE_MODULES = YES; IPHONEOS_DEPLOYMENT_TARGET = 17.0; MACOSX_DEPLOYMENT_TARGET = 14.0; SDKROOT = auto; SUPPORTED_PLATFORMS = "iphoneos iphonesimulator macosx"; TARGETED_DEVICE_FAMILY = "1,2"; PRODUCT_NAME = "$(TARGET_NAME)"; PRODUCT_BUNDLE_IDENTIFIER = xyz.paradigm.nanocodex.inbox; GENERATE_INFOPLIST_FILE = YES; INFOPLIST_KEY_CFBundleDisplayName = "Nanocodex Inbox"; INFOPLIST_KEY_LSApplicationCategoryType = "public.app-category.productivity"; INFOPLIST_KEY_UIApplicationSceneManifest_Generation = YES; INFOPLIST_KEY_UILaunchScreen_Generation = YES; INFOPLIST_KEY_UISupportedInterfaceOrientations_iPhone = UIInterfaceOrientationPortrait; CODE_SIGN_STYLE = Automatic; CURRENT_PROJECT_VERSION = 1; MARKETING_VERSION = 0.1.0; SWIFT_EMIT_LOC_STRINGS = YES; ENABLE_HARDENED_RUNTIME = YES; SWIFT_OPTIMIZATION_LEVEL = "-O"; }; };
F37922C48DA5978D02C9E50E = { isa = XCConfigurationList; buildConfigurations = (E9B2E96ABC5F6856F2BE79CF, 5A8C91857F674E16E2724F47); defaultConfigurationIsVisible = 0; defaultConfigurationName = Release; };
FCB48D8F88BCDB0ED9FADFD7 = { isa = XCBuildConfiguration; name = Debug; buildSettings = { SWIFT_VERSION = 5.0; CLANG_ENABLE_MODULES = YES; IPHONEOS_DEPLOYMENT_TARGET = 17.0; MACOSX_DEPLOYMENT_TARGET = 14.0; SDKROOT = auto; SUPPORTED_PLATFORMS = "iphoneos iphonesimulator macosx"; TARGETED_DEVICE_FAMILY = "1,2"; PRODUCT_NAME = "$(TARGET_NAME)"; PRODUCT_BUNDLE_IDENTIFIER = xyz.paradigm.nanocodex.inbox.tests; GENERATE_INFOPLIST_FILE = YES; TEST_TARGET_NAME = NanocodexInbox; CODE_SIGN_STYLE = Automatic; ONLY_ACTIVE_ARCH = YES; SWIFT_OPTIMIZATION_LEVEL = "-Onone"; SWIFT_ACTIVE_COMPILATION_CONDITIONS = DEBUG; ENABLE_TESTABILITY = YES; }; };
942EEBBACD6C88CAE7F29B29 = { isa = XCBuildConfiguration; name = Release; buildSettings = { SWIFT_VERSION = 5.0; CLANG_ENABLE_MODULES = YES; IPHONEOS_DEPLOYMENT_TARGET = 17.0; MACOSX_DEPLOYMENT_TARGET = 14.0; SDKROOT = auto; SUPPORTED_PLATFORMS = "iphoneos iphonesimulator macosx"; TARGETED_DEVICE_FAMILY = "1,2"; PRODUCT_NAME = "$(TARGET_NAME)"; PRODUCT_BUNDLE_IDENTIFIER = xyz.paradigm.nanocodex.inbox.tests; GENERATE_INFOPLIST_FILE = YES; TEST_TARGET_NAME = NanocodexInbox; CODE_SIGN_STYLE = Automatic; SWIFT_OPTIMIZATION_LEVEL = "-O"; }; };
BECB265224D91761C05FDA33 = { isa = XCConfigurationList; buildConfigurations = (FCB48D8F88BCDB0ED9FADFD7, 942EEBBACD6C88CAE7F29B29); defaultConfigurationIsVisible = 0; defaultConfigurationName = Release; };
0E8A3AD980EC179856012B7E = { isa = PBXNativeTarget; buildConfigurationList = F37922C48DA5978D02C9E50E; buildPhases = (BCE16DD0260827ECF338C787, 7561BFB015D8F536760CB671, 0189424A5A60FED329FA868E); buildRules = (); dependencies = (); name = NanocodexInbox; productName = NanocodexInbox; productReference = 38A007151ABE87CC01A5B6E9; productType = "com.apple.product-type.application"; packageProductDependencies = (E55A8CC6397119BC2F346606); };
D799BAE6088A90139B415FCC = { isa = PBXContainerItemProxy; containerPortal = 98F54143AB4E86B28C3AFEE0; proxyType = 1; remoteGlobalIDString = 0E8A3AD980EC179856012B7E; remoteInfo = NanocodexInbox; };
B6EBBA31D46E8F71AE1B6924 = { isa = PBXTargetDependency; target = 0E8A3AD980EC179856012B7E; targetProxy = D799BAE6088A90139B415FCC; };
0A06C5E2DA34E686D888A695 = { isa = PBXNativeTarget; buildConfigurationList = BECB265224D91761C05FDA33; buildPhases = (9F3002A5D69B22D357A58AA9); buildRules = (); dependencies = (B6EBBA31D46E8F71AE1B6924); name = NanocodexInboxUITests; productName = NanocodexInboxUITests; productReference = B7480EC88B7F22D0A4757273; productType = "com.apple.product-type.bundle.ui-testing"; };
98F54143AB4E86B28C3AFEE0 = { isa = PBXProject; attributes = { BuildIndependentTargetsInParallel = YES; LastUpgradeCheck = 1600; }; buildConfigurationList = 862894B703A6DEDF96A9DD6C; compatibilityVersion = "Xcode 14.0"; developmentRegion = en; knownRegions = (en, Base); mainGroup = B28B7AF69320201D1CF206EB; productRefGroup = FBDC4F23F93125BBEEAE800C; projectDirPath = ""; projectRoot = ""; targets = (0E8A3AD980EC179856012B7E, 0A06C5E2DA34E686D888A695); packageReferences = (582681C2EAE02B3F3D399C0C); };
}; rootObject = 98F54143AB4E86B28C3AFEE0; }
