{
  "pins" : [
    {
      "identity" : "phonenumberkit",
      "kind" : "remoteSourceControl",
      "location" : "https://github.com/PhoneNumberKit/PhoneNumberKit",
      "state" : {
        "revision" : "38783049b71a4f774843341baa7ef5f4ceecfcaf",
        "version" : "5.0.10"
      }
    }
  ],
  "version" : 2
}
